
Microsoft Visual Studio Solution File, Format Version 12.00
# Visual Studio 2013
VisualStudioVersion = 12.0.21005.1
MinimumVisualStudioVersion = 10.0.40219.1
Project("{FAE04EC0-301F-11D3-BF4B-00C04F79EFBC}") = "Sample.Web", "Sample.Web\Sample.Web.csproj", "{396B3B3F-284B-4056-992F-63137F0CBD5A}"
EndProject
Project("{FAE04EC0-301F-11D3-BF4B-00C04F79EFBC}") = "Sample.Web.Tests", "Sample.Web.Tests\Sample.Web.Tests.csproj", "{31BC4461-FFB6-4DA1-9FB3-C7B909BE358A}"
EndProject
Project("{FAE04EC0-301F-11D3-BF4B-00C04F79EFBC}") = "Sample.Web.SmokeTests", "Sample.Web.SmokeTests\Sample.Web.SmokeTests.csproj", "{4E12A609-03CF-4149-8525-F002D4D2E566}"
EndProject
Global
	GlobalSection(SolutionConfigurationPlatforms) = preSolution
		Debug|Any CPU = Debug|Any CPU
		Release|Any CPU = Release|Any CPU
	EndGlobalSection
	GlobalSection(ProjectConfigurationPlatforms) = postSolution
		{396B3B3F-284B-4056-992F-63137F0CBD5A}.Debug|Any CPU.ActiveCfg = Debug|Any CPU
		{396B3B3F-284B-4056-992F-63137F0CBD5A}.Debug|Any CPU.Build.0 = Debug|Any CPU
		{396B3B3F-284B-4056-992F-63137F0CBD5A}.Release|Any CPU.ActiveCfg = Release|Any CPU
		{396B3B3F-284B-4056-992F-63137F0CBD5A}.Release|Any CPU.Build.0 = Release|Any CPU
		{31BC4461-FFB6-4DA1-9FB3-C7B909BE358A}.Debug|Any CPU.ActiveCfg = Debug|Any CPU
		{31BC4461-FFB6-4DA1-9FB3-C7B909BE358A}.Debug|Any CPU.Build.0 = Debug|Any CPU
		{31BC4461-FFB6-4DA1-9FB3-C7B909BE358A}.Release|Any CPU.ActiveCfg = Release|Any CPU
		{31BC4461-FFB6-4DA1-9FB3-C7B909BE358A}.Release|Any CPU.Build.0 = Release|Any CPU
		{4E12A609-03CF-4149-8525-F002D4D2E566}.Debug|Any CPU.ActiveCfg = Debug|Any CPU
		{4E12A609-03CF-4149-8525-F002D4D2E566}.Debug|Any CPU.Build.0 = Debug|Any CPU
		{4E12A609-03CF-4149-8525-F002D4D2E566}.Release|Any CPU.ActiveCfg = Release|Any CPU
		{4E12A609-03CF-4149-8525-F002D4D2E566}.Release|Any CPU.Build.0 = Release|Any CPU
	EndGlobalSection
	GlobalSection(SolutionProperties) = preSolution
		HideSolutionNode = FALSE
	EndGlobalSection
EndGlobal
